
Microsoft Visual Studio Solution File, Format Version 12.00
# Visual Studio Version 17
VisualStudioVersion = 17.3.32922.545
MinimumVisualStudioVersion = 10.0.40219.1
Project("{FAE04EC0-301F-11D3-BF4B-00C04F79EFBC}") = "Automarket", "Automarket\Automarket.csproj", "{F0B99D9E-7E4B-409C-B17B-338FB4BBD0F1}"
EndProject
Project("{2150E333-8FDC-42A3-9474-1A3956D46DE8}") = "Domain", "Domain", "{9AE39AA7-6B98-4545-B093-3CF160094466}"
EndProject
Project("{FAE04EC0-301F-11D3-BF4B-00C04F79EFBC}") = "Automarket.Domain", "Automarket.Domain\Automarket.Domain.csproj", "{344A4C46-9DF7-473C-9CDB-46EDCB058929}"
EndProject
Project("{2150E333-8FDC-42A3-9474-1A3956D46DE8}") = "DAL", "DAL", "{82592143-C4BB-43C4-8094-10F1C94E6E02}"
EndProject
Project("{FAE04EC0-301F-11D3-BF4B-00C04F79EFBC}") = "Automarket.DAL", "Automarket.DAL\Automarket.DAL.csproj", "{2CBE1F64-925C-4FF0-B705-8B22959B8E6B}"
EndProject
Global
	GlobalSection(SolutionConfigurationPlatforms) = preSolution
		Debug|Any CPU = Debug|Any CPU
		Release|Any CPU = Release|Any CPU
	EndGlobalSection
	GlobalSection(ProjectConfigurationPlatforms) = postSolution
		{F0B99D9E-7E4B-409C-B17B-338FB4BBD0F1}.Debug|Any CPU.ActiveCfg = Debug|Any CPU
		{F0B99D9E-7E4B-409C-B17B-338FB4BBD0F1}.Debug|Any CPU.Build.0 = Debug|Any CPU
		{F0B99D9E-7E4B-409C-B17B-338FB4BBD0F1}.Release|Any CPU.ActiveCfg = Release|Any CPU
		{F0B99D9E-7E4B-409C-B17B-338FB4BBD0F1}.Release|Any CPU.Build.0 = Release|Any CPU
		{344A4C46-9DF7-473C-9CDB-46EDCB058929}.Debug|Any CPU.ActiveCfg = Debug|Any CPU
		{344A4C46-9DF7-473C-9CDB-46EDCB058929}.Debug|Any CPU.Build.0 = Debug|Any CPU
		{344A4C46-9DF7-473C-9CDB-46EDCB058929}.Release|Any CPU.ActiveCfg = Release|Any CPU
		{344A4C46-9DF7-473C-9CDB-46EDCB058929}.Release|Any CPU.Build.0 = Release|Any CPU
		{2CBE1F64-925C-4FF0-B705-8B22959B8E6B}.Debug|Any CPU.ActiveCfg = Debug|Any CPU
		{2CBE1F64-925C-4FF0-B705-8B22959B8E6B}.Debug|Any CPU.Build.0 = Debug|Any CPU
		{2CBE1F64-925C-4FF0-B705-8B22959B8E6B}.Release|Any CPU.ActiveCfg = Release|Any CPU
		{2CBE1F64-925C-4FF0-B705-8B22959B8E6B}.Release|Any CPU.Build.0 = Release|Any CPU
	EndGlobalSection
	GlobalSection(SolutionProperties) = preSolution
		HideSolutionNode = FALSE
	EndGlobalSection
	GlobalSection(NestedProjects) = preSolution
		{344A4C46-9DF7-473C-9CDB-46EDCB058929} = {9AE39AA7-6B98-4545-B093-3CF160094466}
		{2CBE1F64-925C-4FF0-B705-8B22959B8E6B} = {82592143-C4BB-43C4-8094-10F1C94E6E02}
	EndGlobalSection
	GlobalSection(ExtensibilityGlobals) = postSolution
		SolutionGuid = {BED6CA8D-140E-4611-9FE5-88DC961E35C9}
	EndGlobalSection
EndGlobal
